// !$*UTF8*$!
{
	archiveVersion = 1;
	classes = {
	};
	objectVersion = 77;
	objects = {

/* Begin PBXBuildFile section */
		372A2B312CED030C000ABC7B /* audio.mp3 in Resources */ = {isa = PBXBuildFile; fileRef = 372A2B302CED030C000ABC7B /* audio.mp3 */; };
		372C7AB82CEC0475009F2383 /* WordView.swift in Sources */ = {isa = PBXBuildFile; fileRef = 372C7AB72CEC0475009F2383 /* WordView.swift */; };
		372C7ABC2CEC05F5009F2383 /* WordsListView.swift in Sources */ = {isa = PBXBuildFile; fileRef = 372C7ABB2CEC05F5009F2383 /* WordsListView.swift */; };
		372C7ABE2CEC1396009F2383 /* Constants.swift in Sources */ = {isa = PBXBuildFile; fileRef = 372C7ABD2CEC1396009F2383 /* Constants.swift */; };
		372C7AC22CEC2237009F2383 /* SearchboxView.swift in Sources */ = {isa = PBXBuildFile; fileRef = 372C7AC12CEC2237009F2383 /* SearchboxView.swift */; };
		372C7AC42CEC2A13009F2383 /* PlayAudioView.swift in Sources */ = {isa = PBXBuildFile; fileRef = 372C7AC32CEC2A13009F2383 /* PlayAudioView.swift */; };
		37DB74F72CECF40800A4E448 /* RecordAudioView.swift in Sources */ = {isa = PBXBuildFile; fileRef = 37DB74F62CECF40800A4E448 /* RecordAudioView.swift */; };
/* End PBXBuildFile section */

/* Begin PBXContainerItemProxy section */
		377269F72CD035760007A6A6 /* PBXContainerItemProxy */ = {
			isa = PBXContainerItemProxy;
			containerPortal = 377269DE2CD035750007A6A6 /* Project object */;
			proxyType = 1;
			remoteGlobalIDString = 377269E52CD035750007A6A6;
			remoteInfo = HelloZenno;
		};
		37726A012CD035760007A6A6 /* PBXContainerItemProxy */ = {
			isa = PBXContainerItemProxy;
			containerPortal = 377269DE2CD035750007A6A6 /* Project object */;
			proxyType = 1;
			remoteGlobalIDString = 377269E52CD035750007A6A6;
			remoteInfo = HelloZenno;
		};
/* End PBXContainerItemProxy section */

/* Begin PBXFileReference section */
		372A2B302CED030C000ABC7B /* audio.mp3 */ = {isa = PBXFileReference; lastKnownFileType = audio.mp3; path = audio.mp3; sourceTree = "<group>"; };
		372C7AB72CEC0475009F2383 /* WordView.swift */ = {isa = PBXFileReference; lastKnownFileType = sourcecode.swift; path = WordView.swift; sourceTree = "<group>"; };
		372C7ABB2CEC05F5009F2383 /* WordsListView.swift */ = {isa = PBXFileReference; lastKnownFileType = sourcecode.swift; path = WordsListView.swift; sourceTree = "<group>"; };
		372C7ABD2CEC1396009F2383 /* Constants.swift */ = {isa = PBXFileReference; lastKnownFileType = sourcecode.swift; path = Constants.swift; sourceTree = "<group>"; };
		372C7AC12CEC2237009F2383 /* SearchboxView.swift */ = {isa = PBXFileReference; lastKnownFileType = sourcecode.swift; path = SearchboxView.swift; sourceTree = "<group>"; };
		372C7AC32CEC2A13009F2383 /* PlayAudioView.swift */ = {isa = PBXFileReference; lastKnownFileType = sourcecode.swift; path = PlayAudioView.swift; sourceTree = "<group>"; };
		377269E62CD035750007A6A6 /* HelloZenno.app */ = {isa = PBXFileReference; explicitFileType = wrapper.application; includeInIndex = 0; path = HelloZenno.app; sourceTree = BUILT_PRODUCTS_DIR; };
		377269F62CD035760007A6A6 /* HelloZennoTests.xctest */ = {isa = PBXFileReference; explicitFileType = wrapper.cfbundle; includeInIndex = 0; path = HelloZennoTests.xctest; sourceTree = BUILT_PRODUCTS_DIR; };
		37726A002CD035760007A6A6 /* HelloZennoUITests.xctest */ = {isa = PBXFileReference; explicitFileType = wrapper.cfbundle; includeInIndex = 0; path = HelloZennoUITests.xctest; sourceTree = BUILT_PRODUCTS_DIR; };
		37DB74F62CECF40800A4E448 /* RecordAudioView.swift */ = {isa = PBXFileReference; lastKnownFileType = sourcecode.swift; path = RecordAudioView.swift; sourceTree = "<group>"; };
/* End PBXFileReference section */

/* Begin PBXFileSystemSynchronizedBuildFileExceptionSet section */
		372A2B2D2CED014C000ABC7B /* Exceptions for "HelloZenno" folder in "HelloZenno" target */ = {
			isa = PBXFileSystemSynchronizedBuildFileExceptionSet;
			membershipExceptions = (
				Info.plist,
			);
			target = 377269E52CD035750007A6A6 /* HelloZenno */;
		};
/* End PBXFileSystemSynchronizedBuildFileExceptionSet section */

/* Begin PBXFileSystemSynchronizedRootGroup section */
		377269E82CD035750007A6A6 /* HelloZenno */ = {
			isa = PBXFileSystemSynchronizedRootGroup;
			exceptions = (
				372A2B2D2CED014C000ABC7B /* Exceptions for "HelloZenno" folder in "HelloZenno" target */,
			);
			path = HelloZenno;
			sourceTree = "<group>";
		};
		377269F92CD035760007A6A6 /* HelloZennoTests */ = {
			isa = PBXFileSystemSynchronizedRootGroup;
			path = HelloZennoTests;
			sourceTree = "<group>";
		};
		37726A032CD035760007A6A6 /* HelloZennoUITests */ = {
			isa = PBXFileSystemSynchronizedRootGroup;
			path = HelloZennoUITests;
			sourceTree = "<group>";
		};
		37DB75062CECF98A00A4E448 /* Services */ = {
			isa = PBXFileSystemSynchronizedRootGroup;
			path = Services;
			sourceTree = "<group>";
		};
/* End PBXFileSystemSynchronizedRootGroup section */

/* Begin PBXFrameworksBuildPhase section */
		377269E32CD035750007A6A6 /* Frameworks */ = {
			isa = PBXFrameworksBuildPhase;
			buildActionMask = 2147483647;
			files = (
			);
			runOnlyForDeploymentPostprocessing = 0;
		};
		377269F32CD035760007A6A6 /* Frameworks */ = {
			isa = PBXFrameworksBuildPhase;
			buildActionMask = 2147483647;
			files = (
			);
			runOnlyForDeploymentPostprocessing = 0;
		};
		377269FD2CD035760007A6A6 /* Frameworks */ = {
			isa = PBXFrameworksBuildPhase;
			buildActionMask = 2147483647;
			files = (
			);
			runOnlyForDeploymentPostprocessing = 0;
		};
/* End PBXFrameworksBuildPhase section */

/* Begin PBXGroup section */
		377269DD2CD035750007A6A6 = {
			isa = PBXGroup;
			children = (
				372C7AC32CEC2A13009F2383 /* PlayAudioView.swift */,
				37DB74F62CECF40800A4E448 /* RecordAudioView.swift */,
				372C7AC12CEC2237009F2383 /* SearchboxView.swift */,
				372A2B302CED030C000ABC7B /* audio.mp3 */,
				372C7ABD2CEC1396009F2383 /* Constants.swift */,
				372C7AB72CEC0475009F2383 /* WordView.swift */,
				372C7ABB2CEC05F5009F2383 /* WordsListView.swift */,
				377269E82CD035750007A6A6 /* HelloZenno */,
				377269F92CD035760007A6A6 /* HelloZennoTests */,
				37726A032CD035760007A6A6 /* HelloZennoUITests */,
				377269E72CD035750007A6A6 /* Products */,
				37DB75062CECF98A00A4E448 /* Services */,
			);
			sourceTree = "<group>";
		};
		377269E72CD035750007A6A6 /* Products */ = {
			isa = PBXGroup;
			children = (
				377269E62CD035750007A6A6 /* HelloZenno.app */,
				377269F62CD035760007A6A6 /* HelloZennoTests.xctest */,
				37726A002CD035760007A6A6 /* HelloZennoUITests.xctest */,
			);
			name = Products;
			sourceTree = "<group>";
		};
/* End PBXGroup section */

/* Begin PBXNativeTarget section */
		377269E52CD035750007A6A6 /* HelloZenno */ = {
			isa = PBXNativeTarget;
			buildConfigurationList = 37726A0A2CD035760007A6A6 /* Build configuration list for PBXNativeTarget "HelloZenno" */;
			buildPhases = (
				377269E22CD035750007A6A6 /* Sources */,
				377269E32CD035750007A6A6 /* Frameworks */,
				377269E42CD035750007A6A6 /* Resources */,
			);
			buildRules = (
			);
			dependencies = (
			);
			fileSystemSynchronizedGroups = (
				377269E82CD035750007A6A6 /* HelloZenno */,
				37DB75062CECF98A00A4E448 /* Services */,
			);
			name = HelloZenno;
			packageProductDependencies = (
			);
			productName = HelloZenno;
			productReference = 377269E62CD035750007A6A6 /* HelloZenno.app */;
			productType = "com.apple.product-type.application";
		};
		377269F52CD035760007A6A6 /* HelloZennoTests */ = {
			isa = PBXNativeTarget;
			buildConfigurationList = 37726A0D2CD035760007A6A6 /* Build configuration list for PBXNativeTarget "HelloZennoTests" */;
			buildPhases = (
				377269F22CD035760007A6A6 /* Sources */,
				377269F32CD035760007A6A6 /* Frameworks */,
				377269F42CD035760007A6A6 /* Resources */,
			);
			buildRules = (
			);
			dependencies = (
				377269F82CD035760007A6A6 /* PBXTargetDependency */,
			);
			fileSystemSynchronizedGroups = (
				377269F92CD035760007A6A6 /* HelloZennoTests */,
			);
			name = HelloZennoTests;
			packageProductDependencies = (
			);
			productName = HelloZennoTests;
			productReference = 377269F62CD035760007A6A6 /* HelloZennoTests.xctest */;
			productType = "com.apple.product-type.bundle.unit-test";
		};
		377269FF2CD035760007A6A6 /* HelloZennoUITests */ = {
			isa = PBXNativeTarget;
			buildConfigurationList = 37726A102CD035760007A6A6 /* Build configuration list for PBXNativeTarget "HelloZennoUITests" */;
			buildPhases = (
				377269FC2CD035760007A6A6 /* Sources */,
				377269FD2CD035760007A6A6 /* Frameworks */,
				377269FE2CD035760007A6A6 /* Resources */,
			);
			buildRules = (
			);
			dependencies = (
				37726A022CD035760007A6A6 /* PBXTargetDependency */,
			);
			fileSystemSynchronizedGroups = (
				37726A032CD035760007A6A6 /* HelloZennoUITests */,
			);
			name = HelloZennoUITests;
			packageProductDependencies = (
			);
			productName = HelloZennoUITests;
			productReference = 37726A002CD035760007A6A6 /* HelloZennoUITests.xctest */;
			productType = "com.apple.product-type.bundle.ui-testing";
		};
/* End PBXNativeTarget section */

/* Begin PBXProject section */
		377269DE2CD035750007A6A6 /* Project object */ = {
			isa = PBXProject;
			attributes = {
				BuildIndependentTargetsInParallel = 1;
				LastSwiftUpdateCheck = 1600;
				LastUpgradeCheck = 1600;
				TargetAttributes = {
					377269E52CD035750007A6A6 = {
						CreatedOnToolsVersion = 16.0;
					};
					377269F52CD035760007A6A6 = {
						CreatedOnToolsVersion = 16.0;
						TestTargetID = 377269E52CD035750007A6A6;
					};
					377269FF2CD035760007A6A6 = {
						CreatedOnToolsVersion = 16.0;
						TestTargetID = 377269E52CD035750007A6A6;
					};
				};
			};
			buildConfigurationList = 377269E12CD035750007A6A6 /* Build configuration list for PBXProject "HelloZenno" */;
			developmentRegion = en;
			hasScannedForEncodings = 0;
			knownRegions = (
				en,
				Base,
			);
			mainGroup = 377269DD2CD035750007A6A6;
			minimizedProjectReferenceProxies = 1;
			preferredProjectObjectVersion = 77;
			productRefGroup = 377269E72CD035750007A6A6 /* Products */;
			projectDirPath = "";
			projectRoot = "";
			targets = (
				377269E52CD035750007A6A6 /* HelloZenno */,
				377269F52CD035760007A6A6 /* HelloZennoTests */,
				377269FF2CD035760007A6A6 /* HelloZennoUITests */,
			);
		};
/* End PBXProject section */

/* Begin PBXResourcesBuildPhase section */
		377269E42CD035750007A6A6 /* Resources */ = {
			isa = PBXResourcesBuildPhase;
			buildActionMask = 2147483647;
			files = (
				372A2B312CED030C000ABC7B /* audio.mp3 in Resources */,
			);
			runOnlyForDeploymentPostprocessing = 0;
		};
		377269F42CD035760007A6A6 /* Resources */ = {
			isa = PBXResourcesBuildPhase;
			buildActionMask = 2147483647;
			files = (
			);
			runOnlyForDeploymentPostprocessing = 0;
		};
		377269FE2CD035760007A6A6 /* Resources */ = {
			isa = PBXResourcesBuildPhase;
			buildActionMask = 2147483647;
			files = (
			);
			runOnlyForDeploymentPostprocessing = 0;
		};
/* End PBXResourcesBuildPhase section */

/* Begin PBXSourcesBuildPhase section */
		377269E22CD035750007A6A6 /* Sources */ = {
			isa = PBXSourcesBuildPhase;
			buildActionMask = 2147483647;
			files = (
				372C7AB82CEC0475009F2383 /* WordView.swift in Sources */,
				372C7ABC2CEC05F5009F2383 /* WordsListView.swift in Sources */,
				37DB74F72CECF40800A4E448 /* RecordAudioView.swift in Sources */,
				372C7AC42CEC2A13009F2383 /* PlayAudioView.swift in Sources */,
				372C7ABE2CEC1396009F2383 /* Constants.swift in Sources */,
				372C7AC22CEC2237009F2383 /* SearchboxView.swift in Sources */,
			);
			runOnlyForDeploymentPostprocessing = 0;
		};
		377269F22CD035760007A6A6 /* Sources */ = {
			isa = PBXSourcesBuildPhase;
			buildActionMask = 2147483647;
			files = (
			);
			runOnlyForDeploymentPostprocessing = 0;
		};
		377269FC2CD035760007A6A6 /* Sources */ = {
			isa = PBXSourcesBuildPhase;
			buildActionMask = 2147483647;
			files = (
			);
			runOnlyForDeploymentPostprocessing = 0;
		};
/* End PBXSourcesBuildPhase section */

/* Begin PBXTargetDependency section */
		377269F82CD035760007A6A6 /* PBXTargetDependency */ = {
			isa = PBXTargetDependency;
			target = 377269E52CD035750007A6A6 /* HelloZenno */;
			targetProxy = 377269F72CD035760007A6A6 /* PBXContainerItemProxy */;
		};
		37726A022CD035760007A6A6 /* PBXTargetDependency */ = {
			isa = PBXTargetDependency;
			target = 377269E52CD035750007A6A6 /* HelloZenno */;
			targetProxy = 37726A012CD035760007A6A6 /* PBXContainerItemProxy */;
		};
/* End PBXTargetDependency section */

/* Begin XCBuildConfiguration section */
		37726A082CD035760007A6A6 /* Debug */ = {
			isa = XCBuildConfiguration;
			buildSettings = {
				ALWAYS_SEARCH_USER_PATHS = NO;
				ASSETCATALOG_COMPILER_GENERATE_SWIFT_ASSET_SYMBOL_EXTENSIONS = YES;
				CLANG_ANALYZER_NONNULL = YES;
				CLANG_ANALYZER_NUMBER_OBJECT_CONVERSION = YES_AGGRESSIVE;
				CLANG_CXX_LANGUAGE_STANDARD = "gnu++20";
				CLANG_ENABLE_MODULES = YES;
				CLANG_ENABLE_OBJC_ARC = YES;
				CLANG_ENABLE_OBJC_WEAK = YES;
				CLANG_WARN_BLOCK_CAPTURE_AUTORELEASING = YES;
				CLANG_WARN_BOOL_CONVERSION = YES;
				CLANG_WARN_COMMA = YES;
				CLANG_WARN_CONSTANT_CONVERSION = YES;
				CLANG_WARN_DEPRECATED_OBJC_IMPLEMENTATIONS = YES;
				CLANG_WARN_DIRECT_OBJC_ISA_USAGE = YES_ERROR;
				CLANG_WARN_DOCUMENTATION_COMMENTS = YES;
				CLANG_WARN_EMPTY_BODY = YES;
				CLANG_WARN_ENUM_CONVERSION = YES;
				CLANG_WARN_INFINITE_RECURSION = YES;
				CLANG_WARN_INT_CONVERSION = YES;
				CLANG_WARN_NON_LITERAL_NULL_CONVERSION = YES;
				CLANG_WARN_OBJC_IMPLICIT_RETAIN_SELF = YES;
				CLANG_WARN_OBJC_LITERAL_CONVERSION = YES;
				CLANG_WARN_OBJC_ROOT_CLASS = YES_ERROR;
				CLANG_WARN_QUOTED_INCLUDE_IN_FRAMEWORK_HEADER = YES;
				CLANG_WARN_RANGE_LOOP_ANALYSIS = YES;
				CLANG_WARN_STRICT_PROTOTYPES = YES;
				CLANG_WARN_SUSPICIOUS_MOVE = YES;
				CLANG_WARN_UNGUARDED_AVAILABILITY = YES_AGGRESSIVE;
				CLANG_WARN_UNREACHABLE_CODE = YES;
				CLANG_WARN__DUPLICATE_METHOD_MATCH = YES;
				COPY_PHASE_STRIP = NO;
				DEBUG_INFORMATION_FORMAT = dwarf;
				ENABLE_STRICT_OBJC_MSGSEND = YES;
				ENABLE_TESTABILITY = YES;
				ENABLE_USER_SCRIPT_SANDBOXING = YES;
				GCC_C_LANGUAGE_STANDARD = gnu17;
				GCC_DYNAMIC_NO_PIC = NO;
				GCC_NO_COMMON_BLOCKS = YES;
				GCC_OPTIMIZATION_LEVEL = 0;
				GCC_PREPROCESSOR_DEFINITIONS = (
					"DEBUG=1",
					"$(inherited)",
				);
				GCC_WARN_64_TO_32_BIT_CONVERSION = YES;
				GCC_WARN_ABOUT_RETURN_TYPE = YES_ERROR;
				GCC_WARN_UNDECLARED_SELECTOR = YES;
				GCC_WARN_UNINITIALIZED_AUTOS = YES_AGGRESSIVE;
				GCC_WARN_UNUSED_FUNCTION = YES;
				GCC_WARN_UNUSED_VARIABLE = YES;
				IPHONEOS_DEPLOYMENT_TARGET = 18.0;
				LOCALIZATION_PREFERS_STRING_CATALOGS = YES;
				MTL_ENABLE_DEBUG_INFO = INCLUDE_SOURCE;
				MTL_FAST_MATH = YES;
				ONLY_ACTIVE_ARCH = YES;
				SDKROOT = iphoneos;
				SWIFT_ACTIVE_COMPILATION_CONDITIONS = "DEBUG $(inherited)";
				SWIFT_OPTIMIZATION_LEVEL = "-Onone";
			};
			name = Debug;
		};
		37726A092CD035760007A6A6 /* Release */ = {
			isa = XCBuildConfiguration;
			buildSettings = {
				ALWAYS_SEARCH_USER_PATHS = NO;
				ASSETCATALOG_COMPILER_GENERATE_SWIFT_ASSET_SYMBOL_EXTENSIONS = YES;
				CLANG_ANALYZER_NONNULL = YES;
				CLANG_ANALYZER_NUMBER_OBJECT_CONVERSION = YES_AGGRESSIVE;
				CLANG_CXX_LANGUAGE_STANDARD = "gnu++20";
				CLANG_ENABLE_MODULES = YES;
				CLANG_ENABLE_OBJC_ARC = YES;
				CLANG_ENABLE_OBJC_WEAK = YES;
				CLANG_WARN_BLOCK_CAPTURE_AUTORELEASING = YES;
				CLANG_WARN_BOOL_CONVERSION = YES;
				CLANG_WARN_COMMA = YES;
				CLANG_WARN_CONSTANT_CONVERSION = YES;
				CLANG_WARN_DEPRECATED_OBJC_IMPLEMENTATIONS = YES;
				CLANG_WARN_DIRECT_OBJC_ISA_USAGE = YES_ERROR;
				CLANG_WARN_DOCUMENTATION_COMMENTS = YES;
				CLANG_WARN_EMPTY_BODY = YES;
				CLANG_WARN_ENUM_CONVERSION = YES;
				CLANG_WARN_INFINITE_RECURSION = YES;
				CLANG_WARN_INT_CONVERSION = YES;
				CLANG_WARN_NON_LITERAL_NULL_CONVERSION = YES;
				CLANG_WARN_OBJC_IMPLICIT_RETAIN_SELF = YES;
				CLANG_WARN_OBJC_LITERAL_CONVERSION = YES;
				CLANG_WARN_OBJC_ROOT_CLASS = YES_ERROR;
				CLANG_WARN_QUOTED_INCLUDE_IN_FRAMEWORK_HEADER = YES;
				CLANG_WARN_RANGE_LOOP_ANALYSIS = YES;
				CLANG_WARN_STRICT_PROTOTYPES = YES;
				CLANG_WARN_SUSPICIOUS_MOVE = YES;
				CLANG_WARN_UNGUARDED_AVAILABILITY = YES_AGGRESSIVE;
				CLANG_WARN_UNREACHABLE_CODE = YES;
				CLANG_WARN__DUPLICATE_METHOD_MATCH = YES;
				COPY_PHASE_STRIP = NO;
				DEBUG_INFORMATION_FORMAT = "dwarf-with-dsym";
				ENABLE_NS_ASSERTIONS = NO;
				ENABLE_STRICT_OBJC_MSGSEND = YES;
				ENABLE_USER_SCRIPT_SANDBOXING = YES;
				GCC_C_LANGUAGE_STANDARD = gnu17;
				GCC_NO_COMMON_BLOCKS = YES;
				GCC_WARN_64_TO_32_BIT_CONVERSION = YES;
				GCC_WARN_ABOUT_RETURN_TYPE = YES_ERROR;
				GCC_WARN_UNDECLARED_SELECTOR = YES;
				GCC_WARN_UNINITIALIZED_AUTOS = YES_AGGRESSIVE;
				GCC_WARN_UNUSED_FUNCTION = YES;
				GCC_WARN_UNUSED_VARIABLE = YES;
				IPHONEOS_DEPLOYMENT_TARGET = 18.0;
				LOCALIZATION_PREFERS_STRING_CATALOGS = YES;
				MTL_ENABLE_DEBUG_INFO = NO;
				MTL_FAST_MATH = YES;
				SDKROOT = iphoneos;
				SWIFT_COMPILATION_MODE = wholemodule;
				VALIDATE_PRODUCT = YES;
			};
			name = Release;
		};
		37726A0B2CD035760007A6A6 /* Debug */ = {
			isa = XCBuildConfiguration;
			buildSettings = {
				ASSETCATALOG_COMPILER_APPICON_NAME = AppIcon;
				ASSETCATALOG_COMPILER_GLOBAL_ACCENT_COLOR_NAME = AccentColor;
				CODE_SIGN_STYLE = Automatic;
				CURRENT_PROJECT_VERSION = 1;
				DEVELOPMENT_ASSET_PATHS = "\"HelloZenno/Preview Content\"";
				DEVELOPMENT_TEAM = A9H3A459MP;
				ENABLE_PREVIEWS = YES;
				GENERATE_INFOPLIST_FILE = YES;
				INFOPLIST_FILE = HelloZenno/Info.plist;
				INFOPLIST_KEY_LSApplicationCategoryType = "";
				INFOPLIST_KEY_NSMicrophoneUsageDescription = "For recording dictation and instructions";
				INFOPLIST_KEY_NSSpeechRecognitionUsageDescription = "For dictation and instructions";
				INFOPLIST_KEY_UIApplicationSceneManifest_Generation = YES;
				INFOPLIST_KEY_UIApplicationSupportsIndirectInputEvents = YES;
				INFOPLIST_KEY_UILaunchScreen_Generation = YES;
				INFOPLIST_KEY_UISupportedInterfaceOrientations_iPad = "UIInterfaceOrientationPortrait UIInterfaceOrientationPortraitUpsideDown UIInterfaceOrientationLandscapeLeft UIInterfaceOrientationLandscapeRight";
				INFOPLIST_KEY_UISupportedInterfaceOrientations_iPhone = "UIInterfaceOrientationPortrait UIInterfaceOrientationLandscapeLeft UIInterfaceOrientationLandscapeRight";
				LD_RUNPATH_SEARCH_PATHS = (
					"$(inherited)",
					"@executable_path/Frameworks",
				);
				MARKETING_VERSION = 1.0;
				PRODUCT_BUNDLE_IDENTIFIER = com.Spideryarn.HelloZenno;
				PRODUCT_NAME = "$(TARGET_NAME)";
				SWIFT_EMIT_LOC_STRINGS = YES;
				SWIFT_VERSION = 5.0;
				TARGETED_DEVICE_FAMILY = "1,2";
			};
			name = Debug;
		};
		37726A0C2CD035760007A6A6 /* Release */ = {
			isa = XCBuildConfiguration;
			buildSettings = {
				ASSETCATALOG_COMPILER_APPICON_NAME = AppIcon;
				ASSETCATALOG_COMPILER_GLOBAL_ACCENT_COLOR_NAME = AccentColor;
				CODE_SIGN_STYLE = Automatic;
				CURRENT_PROJECT_VERSION = 1;
				DEVELOPMENT_ASSET_PATHS = "\"HelloZenno/Preview Content\"";
				DEVELOPMENT_TEAM = A9H3A459MP;
				ENABLE_PREVIEWS = YES;
				GENERATE_INFOPLIST_FILE = YES;
				INFOPLIST_FILE = HelloZenno/Info.plist;
				INFOPLIST_KEY_LSApplicationCategoryType = "";
				INFOPLIST_KEY_NSMicrophoneUsageDescription = "For recording dictation and instructions";
				INFOPLIST_KEY_NSSpeechRecognitionUsageDescription = "For dictation and instructions";
				INFOPLIST_KEY_UIApplicationSceneManifest_Generation = YES;
				INFOPLIST_KEY_UIApplicationSupportsIndirectInputEvents = YES;
				INFOPLIST_KEY_UILaunchScreen_Generation = YES;
				INFOPLIST_KEY_UISupportedInterfaceOrientations_iPad = "UIInterfaceOrientationPortrait UIInterfaceOrientationPortraitUpsideDown UIInterfaceOrientationLandscapeLeft UIInterfaceOrientationLandscapeRight";
				INFOPLIST_KEY_UISupportedInterfaceOrientations_iPhone = "UIInterfaceOrientationPortrait UIInterfaceOrientationLandscapeLeft UIInterfaceOrientationLandscapeRight";
				LD_RUNPATH_SEARCH_PATHS = (
					"$(inherited)",
					"@executable_path/Frameworks",
				);
				MARKETING_VERSION = 1.0;
				PRODUCT_BUNDLE_IDENTIFIER = com.Spideryarn.HelloZenno;
				PRODUCT_NAME = "$(TARGET_NAME)";
				SWIFT_EMIT_LOC_STRINGS = YES;
				SWIFT_VERSION = 5.0;
				TARGETED_DEVICE_FAMILY = "1,2";
			};
			name = Release;
		};
		37726A0E2CD035760007A6A6 /* Debug */ = {
			isa = XCBuildConfiguration;
			buildSettings = {
				BUNDLE_LOADER = "$(TEST_HOST)";
				CODE_SIGN_STYLE = Automatic;
				CURRENT_PROJECT_VERSION = 1;
				DEVELOPMENT_TEAM = A9H3A459MP;
				GENERATE_INFOPLIST_FILE = YES;
				IPHONEOS_DEPLOYMENT_TARGET = 18.0;
				MARKETING_VERSION = 1.0;
				PRODUCT_BUNDLE_IDENTIFIER = com.Spideryarn.HelloZennoTests;
				PRODUCT_NAME = "$(TARGET_NAME)";
				SWIFT_EMIT_LOC_STRINGS = NO;
				SWIFT_VERSION = 5.0;
				TARGETED_DEVICE_FAMILY = "1,2";
				TEST_HOST = "$(BUILT_PRODUCTS_DIR)/HelloZenno.app/$(BUNDLE_EXECUTABLE_FOLDER_PATH)/HelloZenno";
			};
			name = Debug;
		};
		37726A0F2CD035760007A6A6 /* Release */ = {
			isa = XCBuildConfiguration;
			buildSettings = {
				BUNDLE_LOADER = "$(TEST_HOST)";
				CODE_SIGN_STYLE = Automatic;
				CURRENT_PROJECT_VERSION = 1;
				DEVELOPMENT_TEAM = A9H3A459MP;
				GENERATE_INFOPLIST_FILE = YES;
				IPHONEOS_DEPLOYMENT_TARGET = 18.0;
				MARKETING_VERSION = 1.0;
				PRODUCT_BUNDLE_IDENTIFIER = com.Spideryarn.HelloZennoTests;
				PRODUCT_NAME = "$(TARGET_NAME)";
				SWIFT_EMIT_LOC_STRINGS = NO;
				SWIFT_VERSION = 5.0;
				TARGETED_DEVICE_FAMILY = "1,2";
				TEST_HOST = "$(BUILT_PRODUCTS_DIR)/HelloZenno.app/$(BUNDLE_EXECUTABLE_FOLDER_PATH)/HelloZenno";
			};
			name = Release;
		};
		37726A112CD035760007A6A6 /* Debug */ = {
			isa = XCBuildConfiguration;
			buildSettings = {
				CODE_SIGN_STYLE = Automatic;
				CURRENT_PROJECT_VERSION = 1;
				DEVELOPMENT_TEAM = A9H3A459MP;
				GENERATE_INFOPLIST_FILE = YES;
				MARKETING_VERSION = 1.0;
				PRODUCT_BUNDLE_IDENTIFIER = com.Spideryarn.HelloZennoUITests;
				PRODUCT_NAME = "$(TARGET_NAME)";
				SWIFT_EMIT_LOC_STRINGS = NO;
				SWIFT_VERSION = 5.0;
				TARGETED_DEVICE_FAMILY = "1,2";
				TEST_TARGET_NAME = HelloZenno;
			};
			name = Debug;
		};
		37726A122CD035760007A6A6 /* Release */ = {
			isa = XCBuildConfiguration;
			buildSettings = {
				CODE_SIGN_STYLE = Automatic;
				CURRENT_PROJECT_VERSION = 1;
				DEVELOPMENT_TEAM = A9H3A459MP;
				GENERATE_INFOPLIST_FILE = YES;
				MARKETING_VERSION = 1.0;
				PRODUCT_BUNDLE_IDENTIFIER = com.Spideryarn.HelloZennoUITests;
				PRODUCT_NAME = "$(TARGET_NAME)";
				SWIFT_EMIT_LOC_STRINGS = NO;
				SWIFT_VERSION = 5.0;
				TARGETED_DEVICE_FAMILY = "1,2";
				TEST_TARGET_NAME = HelloZenno;
			};
			name = Release;
		};
/* End XCBuildConfiguration section */

/* Begin XCConfigurationList section */
		377269E12CD035750007A6A6 /* Build configuration list for PBXProject "HelloZenno" */ = {
			isa = XCConfigurationList;
			buildConfigurations = (
				37726A082CD035760007A6A6 /* Debug */,
				37726A092CD035760007A6A6 /* Release */,
			);
			defaultConfigurationIsVisible = 0;
			defaultConfigurationName = Release;
		};
		37726A0A2CD035760007A6A6 /* Build configuration list for PBXNativeTarget "HelloZenno" */ = {
			isa = XCConfigurationList;
			buildConfigurations = (
				37726A0B2CD035760007A6A6 /* Debug */,
				37726A0C2CD035760007A6A6 /* Release */,
			);
			defaultConfigurationIsVisible = 0;
			defaultConfigurationName = Release;
		};
		37726A0D2CD035760007A6A6 /* Build configuration list for PBXNativeTarget "HelloZennoTests" */ = {
			isa = XCConfigurationList;
			buildConfigurations = (
				37726A0E2CD035760007A6A6 /* Debug */,
				37726A0F2CD035760007A6A6 /* Release */,
			);
			defaultConfigurationIsVisible = 0;
			defaultConfigurationName = Release;
		};
		37726A102CD035760007A6A6 /* Build configuration list for PBXNativeTarget "HelloZennoUITests" */ = {
			isa = XCConfigurationList;
			buildConfigurations = (
				37726A112CD035760007A6A6 /* Debug */,
				37726A122CD035760007A6A6 /* Release */,
			);
			defaultConfigurationIsVisible = 0;
			defaultConfigurationName = Release;
		};
/* End XCConfigurationList section */
	};
	rootObject = 377269DE2CD035750007A6A6 /* Project object */;
}
